// !$*UTF8*$!
{
	archiveVersion = 1;
	classes = {
	};
	objectVersion = 56;
	objects = {

/* Begin PBXBuildFile section */
		70F03C90298F00E800B6D908 /* hackSC_projApp.swift in Sources */ = {isa = PBXBuildFile; fileRef = 70F03C8F298F00E800B6D908 /* hackSC_projApp.swift */; };
		70F03C92298F00E800B6D908 /* ContentView.swift in Sources */ = {isa = PBXBuildFile; fileRef = 70F03C91298F00E800B6D908 /* ContentView.swift */; };
		70F03C94298F00E900B6D908 /* Assets.xcassets in Resources */ = {isa = PBXBuildFile; fileRef = 70F03C93298F00E900B6D908 /* Assets.xcassets */; };
		70F03C97298F00E900B6D908 /* Preview Assets.xcassets in Resources */ = {isa = PBXBuildFile; fileRef = 70F03C96298F00E900B6D908 /* Preview Assets.xcassets */; };
		70F03CA1298F00E900B6D908 /* hackSC_projTests.swift in Sources */ = {isa = PBXBuildFile; fileRef = 70F03CA0298F00E900B6D908 /* hackSC_projTests.swift */; };
		70F03CAB298F00E900B6D908 /* hackSC_projUITests.swift in Sources */ = {isa = PBXBuildFile; fileRef = 70F03CAA298F00E900B6D908 /* hackSC_projUITests.swift */; };
		70F03CAD298F00E900B6D908 /* hackSC_projUITestsLaunchTests.swift in Sources */ = {isa = PBXBuildFile; fileRef = 70F03CAC298F00E900B6D908 /* hackSC_projUITestsLaunchTests.swift */; };
/* End PBXBuildFile section */

/* Begin PBXContainerItemProxy section */
		70F03C9D298F00E900B6D908 /* PBXContainerItemProxy */ = {
			isa = PBXContainerItemProxy;
			containerPortal = 70F03C84298F00E800B6D908 /* Project object */;
			proxyType = 1;
			remoteGlobalIDString = 70F03C8B298F00E800B6D908;
			remoteInfo = "hackSC-proj";
		};
		70F03CA7298F00E900B6D908 /* PBXContainerItemProxy */ = {
			isa = PBXContainerItemProxy;
			containerPortal = 70F03C84298F00E800B6D908 /* Project object */;
			proxyType = 1;
			remoteGlobalIDString = 70F03C8B298F00E800B6D908;
			remoteInfo = "hackSC-proj";
		};
/* End PBXContainerItemProxy section */

/* Begin PBXFileReference section */
		70F03C8C298F00E800B6D908 /* hackSC-proj.app */ = {isa = PBXFileReference; explicitFileType = wrapper.application; includeInIndex = 0; path = "hackSC-proj.app"; sourceTree = BUILT_PRODUCTS_DIR; };
		70F03C8F298F00E800B6D908 /* hackSC_projApp.swift */ = {isa = PBXFileReference; lastKnownFileType = sourcecode.swift; path = hackSC_projApp.swift; sourceTree = "<group>"; };
		70F03C91298F00E800B6D908 /* ContentView.swift */ = {isa = PBXFileReference; lastKnownFileType = sourcecode.swift; path = ContentView.swift; sourceTree = "<group>"; };
		70F03C93298F00E900B6D908 /* Assets.xcassets */ = {isa = PBXFileReference; lastKnownFileType = folder.assetcatalog; path = Assets.xcassets; sourceTree = "<group>"; };
		70F03C96298F00E900B6D908 /* Preview Assets.xcassets */ = {isa = PBXFileReference; lastKnownFileType = folder.assetcatalog; path = "Preview Assets.xcassets"; sourceTree = "<group>"; };
		70F03C9C298F00E900B6D908 /* hackSC-projTests.xctest */ = {isa = PBXFileReference; explicitFileType = wrapper.cfbundle; includeInIndex = 0; path = "hackSC-projTests.xctest"; sourceTree = BUILT_PRODUCTS_DIR; };
		70F03CA0298F00E900B6D908 /* hackSC_projTests.swift */ = {isa = PBXFileReference; lastKnownFileType = sourcecode.swift; path = hackSC_projTests.swift; sourceTree = "<group>"; };
		70F03CA6298F00E900B6D908 /* hackSC-projUITests.xctest */ = {isa = PBXFileReference; explicitFileType = wrapper.cfbundle; includeInIndex = 0; path = "hackSC-projUITests.xctest"; sourceTree = BUILT_PRODUCTS_DIR; };
		70F03CAA298F00E900B6D908 /* hackSC_projUITests.swift */ = {isa = PBXFileReference; lastKnownFileType = sourcecode.swift; path = hackSC_projUITests.swift; sourceTree = "<group>"; };
		70F03CAC298F00E900B6D908 /* hackSC_projUITestsLaunchTests.swift */ = {isa = PBXFileReference; lastKnownFileType = sourcecode.swift; path = hackSC_projUITestsLaunchTests.swift; sourceTree = "<group>"; };
/* End PBXFileReference section */

/* Begin PBXFrameworksBuildPhase section */
		70F03C89298F00E800B6D908 /* Frameworks */ = {
			isa = PBXFrameworksBuildPhase;
			buildActionMask = 2147483647;
			files = (
			);
			runOnlyForDeploymentPostprocessing = 0;
		};
		70F03C99298F00E900B6D908 /* Frameworks */ = {
			isa = PBXFrameworksBuildPhase;
			buildActionMask = 2147483647;
			files = (
			);
			runOnlyForDeploymentPostprocessing = 0;
		};
		70F03CA3298F00E900B6D908 /* Frameworks */ = {
			isa = PBXFrameworksBuildPhase;
			buildActionMask = 2147483647;
			files = (
			);
			runOnlyForDeploymentPostprocessing = 0;
		};
/* End PBXFrameworksBuildPhase section */

/* Begin PBXGroup section */
		70F03C83298F00E800B6D908 = {
			isa = PBXGroup;
			children = (
				70F03C8E298F00E800B6D908 /* hackSC-proj */,
				70F03C9F298F00E900B6D908 /* hackSC-projTests */,
				70F03CA9298F00E900B6D908 /* hackSC-projUITests */,
				70F03C8D298F00E800B6D908 /* Products */,
			);
			sourceTree = "<group>";
		};
		70F03C8D298F00E800B6D908 /* Products */ = {
			isa = PBXGroup;
			children = (
				70F03C8C298F00E800B6D908 /* hackSC-proj.app */,
				70F03C9C298F00E900B6D908 /* hackSC-projTests.xctest */,
				70F03CA6298F00E900B6D908 /* hackSC-projUITests.xctest */,
			);
			name = Products;
			sourceTree = "<group>";
		};
		70F03C8E298F00E800B6D908 /* hackSC-proj */ = {
			isa = PBXGroup;
			children = (
				70F03C8F298F00E800B6D908 /* hackSC_projApp.swift */,
				70F03C91298F00E800B6D908 /* ContentView.swift */,
				70F03C93298F00E900B6D908 /* Assets.xcassets */,
				70F03C95298F00E900B6D908 /* Preview Content */,
			);
			path = "hackSC-proj";
			sourceTree = "<group>";
		};
		70F03C95298F00E900B6D908 /* Preview Content */ = {
			isa = PBXGroup;
			children = (
				70F03C96298F00E900B6D908 /* Preview Assets.xcassets */,
			);
			path = "Preview Content";
			sourceTree = "<group>";
		};
		70F03C9F298F00E900B6D908 /* hackSC-projTests */ = {
			isa = PBXGroup;
			children = (
				70F03CA0298F00E900B6D908 /* hackSC_projTests.swift */,
			);
			path = "hackSC-projTests";
			sourceTree = "<group>";
		};
		70F03CA9298F00E900B6D908 /* hackSC-projUITests */ = {
			isa = PBXGroup;
			children = (
				70F03CAA298F00E900B6D908 /* hackSC_projUITests.swift */,
				70F03CAC298F00E900B6D908 /* hackSC_projUITestsLaunchTests.swift */,
			);
			path = "hackSC-projUITests";
			sourceTree = "<group>";
		};
/* End PBXGroup section */

/* Begin PBXNativeTarget section */
		70F03C8B298F00E800B6D908 /* hackSC-proj */ = {
			isa = PBXNativeTarget;
			buildConfigurationList = 70F03CB0298F00E900B6D908 /* Build configuration list for PBXNativeTarget "hackSC-proj" */;
			buildPhases = (
				70F03C88298F00E800B6D908 /* Sources */,
				70F03C89298F00E800B6D908 /* Frameworks */,
				70F03C8A298F00E800B6D908 /* Resources */,
			);
			buildRules = (
			);
			dependencies = (
			);
			name = "hackSC-proj";
			productName = "hackSC-proj";
			productReference = 70F03C8C298F00E800B6D908 /* hackSC-proj.app */;
			productType = "com.apple.product-type.application";
		};
		70F03C9B298F00E900B6D908 /* hackSC-projTests */ = {
			isa = PBXNativeTarget;
			buildConfigurationList = 70F03CB3298F00E900B6D908 /* Build configuration list for PBXNativeTarget "hackSC-projTests" */;
			buildPhases = (
				70F03C98298F00E900B6D908 /* Sources */,
				70F03C99298F00E900B6D908 /* Frameworks */,
				70F03C9A298F00E900B6D908 /* Resources */,
			);
			buildRules = (
			);
			dependencies = (
				70F03C9E298F00E900B6D908 /* PBXTargetDependency */,
			);
			name = "hackSC-projTests";
			productName = "hackSC-projTests";
			productReference = 70F03C9C298F00E900B6D908 /* hackSC-projTests.xctest */;
			productType = "com.apple.product-type.bundle.unit-test";
		};
		70F03CA5298F00E900B6D908 /* hackSC-projUITests */ = {
			isa = PBXNativeTarget;
			buildConfigurationList = 70F03CB6298F00E900B6D908 /* Build configuration list for PBXNativeTarget "hackSC-projUITests" */;
			buildPhases = (
				70F03CA2298F00E900B6D908 /* Sources */,
				70F03CA3298F00E900B6D908 /* Frameworks */,
				70F03CA4298F00E900B6D908 /* Resources */,
			);
			buildRules = (
			);
			dependencies = (
				70F03CA8298F00E900B6D908 /* PBXTargetDependency */,
			);
			name = "hackSC-projUITests";
			productName = "hackSC-projUITests";
			productReference = 70F03CA6298F00E900B6D908 /* hackSC-projUITests.xctest */;
			productType = "com.apple.product-type.bundle.ui-testing";
		};
/* End PBXNativeTarget section */

/* Begin PBXProject section */
		70F03C84298F00E800B6D908 /* Project object */ = {
			isa = PBXProject;
			attributes = {
				BuildIndependentTargetsInParallel = 1;
				LastSwiftUpdateCheck = 1420;
				LastUpgradeCheck = 1420;
				TargetAttributes = {
					70F03C8B298F00E800B6D908 = {
						CreatedOnToolsVersion = 14.2;
					};
					70F03C9B298F00E900B6D908 = {
						CreatedOnToolsVersion = 14.2;
						TestTargetID = 70F03C8B298F00E800B6D908;
					};
					70F03CA5298F00E900B6D908 = {
						CreatedOnToolsVersion = 14.2;
						TestTargetID = 70F03C8B298F00E800B6D908;
					};
				};
			};
			buildConfigurationList = 70F03C87298F00E800B6D908 /* Build configuration list for PBXProject "hackSC-proj" */;
			compatibilityVersion = "Xcode 14.0";
			developmentRegion = en;
			hasScannedForEncodings = 0;
			knownRegions = (
				en,
				Base,
			);
			mainGroup = 70F03C83298F00E800B6D908;
			productRefGroup = 70F03C8D298F00E800B6D908 /* Products */;
			projectDirPath = "";
			projectRoot = "";
			targets = (
				70F03C8B298F00E800B6D908 /* hackSC-proj */,
				70F03C9B298F00E900B6D908 /* hackSC-projTests */,
				70F03CA5298F00E900B6D908 /* hackSC-projUITests */,
			);
		};
/* End PBXProject section */

/* Begin PBXResourcesBuildPhase section */
		70F03C8A298F00E800B6D908 /* Resources */ = {
			isa = PBXResourcesBuildPhase;
			buildActionMask = 2147483647;
			files = (
				70F03C97298F00E900B6D908 /* Preview Assets.xcassets in Resources */,
				70F03C94298F00E900B6D908 /* Assets.xcassets in Resources */,
			);
			runOnlyForDeploymentPostprocessing = 0;
		};
		70F03C9A298F00E900B6D908 /* Resources */ = {
			isa = PBXResourcesBuildPhase;
			buildActionMask = 2147483647;
			files = (
			);
			runOnlyForDeploymentPostprocessing = 0;
		};
		70F03CA4298F00E900B6D908 /* Resources */ = {
			isa = PBXResourcesBuildPhase;
			buildActionMask = 2147483647;
			files = (
			);
			runOnlyForDeploymentPostprocessing = 0;
		};
/* End PBXResourcesBuildPhase section */

/* Begin PBXSourcesBuildPhase section */
		70F03C88298F00E800B6D908 /* Sources */ = {
			isa = PBXSourcesBuildPhase;
			buildActionMask = 2147483647;
			files = (
				70F03C92298F00E800B6D908 /* ContentView.swift in Sources */,
				70F03C90298F00E800B6D908 /* hackSC_projApp.swift in Sources */,
			);
			runOnlyForDeploymentPostprocessing = 0;
		};
		70F03C98298F00E900B6D908 /* Sources */ = {
			isa = PBXSourcesBuildPhase;
			buildActionMask = 2147483647;
			files = (
				70F03CA1298F00E900B6D908 /* hackSC_projTests.swift in Sources */,
			);
			runOnlyForDeploymentPostprocessing = 0;
		};
		70F03CA2298F00E900B6D908 /* Sources */ = {
			isa = PBXSourcesBuildPhase;
			buildActionMask = 2147483647;
			files = (
				70F03CAD298F00E900B6D908 /* hackSC_projUITestsLaunchTests.swift in Sources */,
				70F03CAB298F00E900B6D908 /* hackSC_projUITests.swift in Sources */,
			);
			runOnlyForDeploymentPostprocessing = 0;
		};
/* End PBXSourcesBuildPhase section */

/* Begin PBXTargetDependency section */
		70F03C9E298F00E900B6D908 /* PBXTargetDependency */ = {
			isa = PBXTargetDependency;
			target = 70F03C8B298F00E800B6D908 /* hackSC-proj */;
			targetProxy = 70F03C9D298F00E900B6D908 /* PBXContainerItemProxy */;
		};
		70F03CA8298F00E900B6D908 /* PBXTargetDependency */ = {
			isa = PBXTargetDependency;
			target = 70F03C8B298F00E800B6D908 /* hackSC-proj */;
			targetProxy = 70F03CA7298F00E900B6D908 /* PBXContainerItemProxy */;
		};
/* End PBXTargetDependency section */

/* Begin XCBuildConfiguration section */
		70F03CAE298F00E900B6D908 /* Debug */ = {
			isa = XCBuildConfiguration;
			buildSettings = {
				ALWAYS_SEARCH_USER_PATHS = NO;
				CLANG_ANALYZER_NONNULL = YES;
				CLANG_ANALYZER_NUMBER_OBJECT_CONVERSION = YES_AGGRESSIVE;
				CLANG_CXX_LANGUAGE_STANDARD = "gnu++20";
				CLANG_ENABLE_MODULES = YES;
				CLANG_ENABLE_OBJC_ARC = YES;
				CLANG_ENABLE_OBJC_WEAK = YES;
				CLANG_WARN_BLOCK_CAPTURE_AUTORELEASING = YES;
				CLANG_WARN_BOOL_CONVERSION = YES;
				CLANG_WARN_COMMA = YES;
				CLANG_WARN_CONSTANT_CONVERSION = YES;
				CLANG_WARN_DEPRECATED_OBJC_IMPLEMENTATIONS = YES;
				CLANG_WARN_DIRECT_OBJC_ISA_USAGE = YES_ERROR;
				CLANG_WARN_DOCUMENTATION_COMMENTS = YES;
				CLANG_WARN_EMPTY_BODY = YES;
				CLANG_WARN_ENUM_CONVERSION = YES;
				CLANG_WARN_INFINITE_RECURSION = YES;
				CLANG_WARN_INT_CONVERSION = YES;
				CLANG_WARN_NON_LITERAL_NULL_CONVERSION = YES;
				CLANG_WARN_OBJC_IMPLICIT_RETAIN_SELF = YES;
				CLANG_WARN_OBJC_LITERAL_CONVERSION = YES;
				CLANG_WARN_OBJC_ROOT_CLASS = YES_ERROR;
				CLANG_WARN_QUOTED_INCLUDE_IN_FRAMEWORK_HEADER = YES;
				CLANG_WARN_RANGE_LOOP_ANALYSIS = YES;
				CLANG_WARN_STRICT_PROTOTYPES = YES;
				CLANG_WARN_SUSPICIOUS_MOVE = YES;
				CLANG_WARN_UNGUARDED_AVAILABILITY = YES_AGGRESSIVE;
				CLANG_WARN_UNREACHABLE_CODE = YES;
				CLANG_WARN__DUPLICATE_METHOD_MATCH = YES;
				COPY_PHASE_STRIP = NO;
				DEBUG_INFORMATION_FORMAT = dwarf;
				ENABLE_STRICT_OBJC_MSGSEND = YES;
				ENABLE_TESTABILITY = YES;
				GCC_C_LANGUAGE_STANDARD = gnu11;
				GCC_DYNAMIC_NO_PIC = NO;
				GCC_NO_COMMON_BLOCKS = YES;
				GCC_OPTIMIZATION_LEVEL = 0;
				GCC_PREPROCESSOR_DEFINITIONS = (
					"DEBUG=1",
					"$(inherited)",
				);
				GCC_WARN_64_TO_32_BIT_CONVERSION = YES;
				GCC_WARN_ABOUT_RETURN_TYPE = YES_ERROR;
				GCC_WARN_UNDECLARED_SELECTOR = YES;
				GCC_WARN_UNINITIALIZED_AUTOS = YES_AGGRESSIVE;
				GCC_WARN_UNUSED_FUNCTION = YES;
				GCC_WARN_UNUSED_VARIABLE = YES;
				IPHONEOS_DEPLOYMENT_TARGET = 16.2;
				MTL_ENABLE_DEBUG_INFO = INCLUDE_SOURCE;
				MTL_FAST_MATH = YES;
				ONLY_ACTIVE_ARCH = YES;
				SDKROOT = iphoneos;
				SWIFT_ACTIVE_COMPILATION_CONDITIONS = DEBUG;
				SWIFT_OPTIMIZATION_LEVEL = "-Onone";
			};
			name = Debug;
		};
		70F03CAF298F00E900B6D908 /* Release */ = {
			isa = XCBuildConfiguration;
			buildSettings = {
				ALWAYS_SEARCH_USER_PATHS = NO;
				CLANG_ANALYZER_NONNULL = YES;
				CLANG_ANALYZER_NUMBER_OBJECT_CONVERSION = YES_AGGRESSIVE;
				CLANG_CXX_LANGUAGE_STANDARD = "gnu++20";
				CLANG_ENABLE_MODULES = YES;
				CLANG_ENABLE_OBJC_ARC = YES;
				CLANG_ENABLE_OBJC_WEAK = YES;
				CLANG_WARN_BLOCK_CAPTURE_AUTORELEASING = YES;
				CLANG_WARN_BOOL_CONVERSION = YES;
				CLANG_WARN_COMMA = YES;
				CLANG_WARN_CONSTANT_CONVERSION = YES;
				CLANG_WARN_DEPRECATED_OBJC_IMPLEMENTATIONS = YES;
				CLANG_WARN_DIRECT_OBJC_ISA_USAGE = YES_ERROR;
				CLANG_WARN_DOCUMENTATION_COMMENTS = YES;
				CLANG_WARN_EMPTY_BODY = YES;
				CLANG_WARN_ENUM_CONVERSION = YES;
				CLANG_WARN_INFINITE_RECURSION = YES;
				CLANG_WARN_INT_CONVERSION = YES;
				CLANG_WARN_NON_LITERAL_NULL_CONVERSION = YES;
				CLANG_WARN_OBJC_IMPLICIT_RETAIN_SELF = YES;
				CLANG_WARN_OBJC_LITERAL_CONVERSION = YES;
				CLANG_WARN_OBJC_ROOT_CLASS = YES_ERROR;
				CLANG_WARN_QUOTED_INCLUDE_IN_FRAMEWORK_HEADER = YES;
				CLANG_WARN_RANGE_LOOP_ANALYSIS = YES;
				CLANG_WARN_STRICT_PROTOTYPES = YES;
				CLANG_WARN_SUSPICIOUS_MOVE = YES;
				CLANG_WARN_UNGUARDED_AVAILABILITY = YES_AGGRESSIVE;
				CLANG_WARN_UNREACHABLE_CODE = YES;
				CLANG_WARN__DUPLICATE_METHOD_MATCH = YES;
				COPY_PHASE_STRIP = NO;
				DEBUG_INFORMATION_FORMAT = "dwarf-with-dsym";
				ENABLE_NS_ASSERTIONS = NO;
				ENABLE_STRICT_OBJC_MSGSEND = YES;
				GCC_C_LANGUAGE_STANDARD = gnu11;
				GCC_NO_COMMON_BLOCKS = YES;
				GCC_WARN_64_TO_32_BIT_CONVERSION = YES;
				GCC_WARN_ABOUT_RETURN_TYPE = YES_ERROR;
				GCC_WARN_UNDECLARED_SELECTOR = YES;
				GCC_WARN_UNINITIALIZED_AUTOS = YES_AGGRESSIVE;
				GCC_WARN_UNUSED_FUNCTION = YES;
				GCC_WARN_UNUSED_VARIABLE = YES;
				IPHONEOS_DEPLOYMENT_TARGET = 16.2;
				MTL_ENABLE_DEBUG_INFO = NO;
				MTL_FAST_MATH = YES;
				SDKROOT = iphoneos;
				SWIFT_COMPILATION_MODE = wholemodule;
				SWIFT_OPTIMIZATION_LEVEL = "-O";
				VALIDATE_PRODUCT = YES;
			};
			name = Release;
		};
		70F03CB1298F00E900B6D908 /* Debug */ = {
			isa = XCBuildConfiguration;
			buildSettings = {
				ASSETCATALOG_COMPILER_APPICON_NAME = AppIcon;
				ASSETCATALOG_COMPILER_GLOBAL_ACCENT_COLOR_NAME = AccentColor;
				CODE_SIGN_STYLE = Automatic;
				CURRENT_PROJECT_VERSION = 1;
				DEVELOPMENT_ASSET_PATHS = "\"hackSC-proj/Preview Content\"";
				ENABLE_PREVIEWS = YES;
				GENERATE_INFOPLIST_FILE = YES;
				INFOPLIST_KEY_UIApplicationSceneManifest_Generation = YES;
				INFOPLIST_KEY_UIApplicationSupportsIndirectInputEvents = YES;
				INFOPLIST_KEY_UILaunchScreen_Generation = YES;
				INFOPLIST_KEY_UISupportedInterfaceOrientations_iPad = "UIInterfaceOrientationPortrait UIInterfaceOrientationPortraitUpsideDown UIInterfaceOrientationLandscapeLeft UIInterfaceOrientationLandscapeRight";
				INFOPLIST_KEY_UISupportedInterfaceOrientations_iPhone = "UIInterfaceOrientationPortrait UIInterfaceOrientationLandscapeLeft UIInterfaceOrientationLandscapeRight";
				LD_RUNPATH_SEARCH_PATHS = (
					"$(inherited)",
					"@executable_path/Frameworks",
				);
				MARKETING_VERSION = 1.0;
				PRODUCT_BUNDLE_IDENTIFIER = "usc.hackSC-proj";
				PRODUCT_NAME = "$(TARGET_NAME)";
				SWIFT_EMIT_LOC_STRINGS = YES;
				SWIFT_VERSION = 5.0;
				TARGETED_DEVICE_FAMILY = "1,2";
			};
			name = Debug;
		};
		70F03CB2298F00E900B6D908 /* Release */ = {
			isa = XCBuildConfiguration;
			buildSettings = {
				ASSETCATALOG_COMPILER_APPICON_NAME = AppIcon;
				ASSETCATALOG_COMPILER_GLOBAL_ACCENT_COLOR_NAME = AccentColor;
				CODE_SIGN_STYLE = Automatic;
				CURRENT_PROJECT_VERSION = 1;
				DEVELOPMENT_ASSET_PATHS = "\"hackSC-proj/Preview Content\"";
				ENABLE_PREVIEWS = YES;
				GENERATE_INFOPLIST_FILE = YES;
				INFOPLIST_KEY_UIApplicationSceneManifest_Generation = YES;
				INFOPLIST_KEY_UIApplicationSupportsIndirectInputEvents = YES;
				INFOPLIST_KEY_UILaunchScreen_Generation = YES;
				INFOPLIST_KEY_UISupportedInterfaceOrientations_iPad = "UIInterfaceOrientationPortrait UIInterfaceOrientationPortraitUpsideDown UIInterfaceOrientationLandscapeLeft UIInterfaceOrientationLandscapeRight";
				INFOPLIST_KEY_UISupportedInterfaceOrientations_iPhone = "UIInterfaceOrientationPortrait UIInterfaceOrientationLandscapeLeft UIInterfaceOrientationLandscapeRight";
				LD_RUNPATH_SEARCH_PATHS = (
					"$(inherited)",
					"@executable_path/Frameworks",
				);
				MARKETING_VERSION = 1.0;
				PRODUCT_BUNDLE_IDENTIFIER = "usc.hackSC-proj";
				PRODUCT_NAME = "$(TARGET_NAME)";
				SWIFT_EMIT_LOC_STRINGS = YES;
				SWIFT_VERSION = 5.0;
				TARGETED_DEVICE_FAMILY = "1,2";
			};
			name = Release;
		};
		70F03CB4298F00E900B6D908 /* Debug */ = {
			isa = XCBuildConfiguration;
			buildSettings = {
				ALWAYS_EMBED_SWIFT_STANDARD_LIBRARIES = YES;
				BUNDLE_LOADER = "$(TEST_HOST)";
				CODE_SIGN_STYLE = Automatic;
				CURRENT_PROJECT_VERSION = 1;
				GENERATE_INFOPLIST_FILE = YES;
				IPHONEOS_DEPLOYMENT_TARGET = 16.2;
				MARKETING_VERSION = 1.0;
				PRODUCT_BUNDLE_IDENTIFIER = "usc.hackSC-projTests";
				PRODUCT_NAME = "$(TARGET_NAME)";
				SWIFT_EMIT_LOC_STRINGS = NO;
				SWIFT_VERSION = 5.0;
				TARGETED_DEVICE_FAMILY = "1,2";
				TEST_HOST = "$(BUILT_PRODUCTS_DIR)/hackSC-proj.app/$(BUNDLE_EXECUTABLE_FOLDER_PATH)/hackSC-proj";
			};
			name = Debug;
		};
		70F03CB5298F00E900B6D908 /* Release */ = {
			isa = XCBuildConfiguration;
			buildSettings = {
				ALWAYS_EMBED_SWIFT_STANDARD_LIBRARIES = YES;
				BUNDLE_LOADER = "$(TEST_HOST)";
				CODE_SIGN_STYLE = Automatic;
				CURRENT_PROJECT_VERSION = 1;
				GENERATE_INFOPLIST_FILE = YES;
				IPHONEOS_DEPLOYMENT_TARGET = 16.2;
				MARKETING_VERSION = 1.0;
				PRODUCT_BUNDLE_IDENTIFIER = "usc.hackSC-projTests";
				PRODUCT_NAME = "$(TARGET_NAME)";
				SWIFT_EMIT_LOC_STRINGS = NO;
				SWIFT_VERSION = 5.0;
				TARGETED_DEVICE_FAMILY = "1,2";
				TEST_HOST = "$(BUILT_PRODUCTS_DIR)/hackSC-proj.app/$(BUNDLE_EXECUTABLE_FOLDER_PATH)/hackSC-proj";
			};
			name = Release;
		};
		70F03CB7298F00E900B6D908 /* Debug */ = {
			isa = XCBuildConfiguration;
			buildSettings = {
				ALWAYS_EMBED_SWIFT_STANDARD_LIBRARIES = YES;
				CODE_SIGN_STYLE = Automatic;
				CURRENT_PROJECT_VERSION = 1;
				GENERATE_INFOPLIST_FILE = YES;
				MARKETING_VERSION = 1.0;
				PRODUCT_BUNDLE_IDENTIFIER = "usc.hackSC-projUITests";
				PRODUCT_NAME = "$(TARGET_NAME)";
				SWIFT_EMIT_LOC_STRINGS = NO;
				SWIFT_VERSION = 5.0;
				TARGETED_DEVICE_FAMILY = "1,2";
				TEST_TARGET_NAME = "hackSC-proj";
			};
			name = Debug;
		};
		70F03CB8298F00E900B6D908 /* Release */ = {
			isa = XCBuildConfiguration;
			buildSettings = {
				ALWAYS_EMBED_SWIFT_STANDARD_LIBRARIES = YES;
				CODE_SIGN_STYLE = Automatic;
				CURRENT_PROJECT_VERSION = 1;
				GENERATE_INFOPLIST_FILE = YES;
				MARKETING_VERSION = 1.0;
				PRODUCT_BUNDLE_IDENTIFIER = "usc.hackSC-projUITests";
				PRODUCT_NAME = "$(TARGET_NAME)";
				SWIFT_EMIT_LOC_STRINGS = NO;
				SWIFT_VERSION = 5.0;
				TARGETED_DEVICE_FAMILY = "1,2";
				TEST_TARGET_NAME = "hackSC-proj";
			};
			name = Release;
		};
/* End XCBuildConfiguration section */

/* Begin XCConfigurationList section */
		70F03C87298F00E800B6D908 /* Build configuration list for PBXProject "hackSC-proj" */ = {
			isa = XCConfigurationList;
			buildConfigurations = (
				70F03CAE298F00E900B6D908 /* Debug */,
				70F03CAF298F00E900B6D908 /* Release */,
			);
			defaultConfigurationIsVisible = 0;
			defaultConfigurationName = Release;
		};
		70F03CB0298F00E900B6D908 /* Build configuration list for PBXNativeTarget "hackSC-proj" */ = {
			isa = XCConfigurationList;
			buildConfigurations = (
				70F03CB1298F00E900B6D908 /* Debug */,
				70F03CB2298F00E900B6D908 /* Release */,
			);
			defaultConfigurationIsVisible = 0;
			defaultConfigurationName = Release;
		};
		70F03CB3298F00E900B6D908 /* Build configuration list for PBXNativeTarget "hackSC-projTests" */ = {
			isa = XCConfigurationList;
			buildConfigurations = (
				70F03CB4298F00E900B6D908 /* Debug */,
				70F03CB5298F00E900B6D908 /* Release */,
			);
			defaultConfigurationIsVisible = 0;
			defaultConfigurationName = Release;
		};
		70F03CB6298F00E900B6D908 /* Build configuration list for PBXNativeTarget "hackSC-projUITests" */ = {
			isa = XCConfigurationList;
			buildConfigurations = (
				70F03CB7298F00E900B6D908 /* Debug */,
				70F03CB8298F00E900B6D908 /* Release */,
			);
			defaultConfigurationIsVisible = 0;
			defaultConfigurationName = Release;
		};
/* End XCConfigurationList section */
	};
	rootObject = 70F03C84298F00E800B6D908 /* Project object */;
}
